{
  "name": "age-calculator-app-main",
  "lockfileVersion": 3,
  "requires": true,
  "packages": {
    "": {
      "dependencies": {
        "@form-validation/validator-date": "^2.4.0",
        "validate-date": "^2.1.0"
      }
    },
    "node_modules/@form-validation/core": {
      "version": "2.4.0",
      "resolved": "https://registry.npmjs.org/@form-validation/core/-/core-2.4.0.tgz",
      "integrity": "sha512-uZxBCtgJMt6iiW9T/tWtlBQbbbvysdHayzZxD424NFqozMOXqPYeA3xh8TH7bXh0vvpYc0+YGHl2LwA68tFd1w=="
    },
    "node_modules/@form-validation/validator-date": {
      "version": "2.4.0",
      "resolved": "https://registry.npmjs.org/@form-validation/validator-date/-/validator-date-2.4.0.tgz",
      "integrity": "sha512-s5X2vvGrZL1X5Nfb7CfvR9RUfNo0Q2gGkiJLMg786MFxjgSbAzpRU7NqaiCYKpq0GqXwWA+d/k2zBJQe4LKlOA==",
      "dependencies": {
        "@form-validation/core": "2.4.0"
      }
    },
    "node_modules/validate-date": {
      "version": "2.1.0",
      "resolved": "https://registry.npmjs.org/validate-date/-/validate-date-2.1.0.tgz",
      "integrity": "sha512-41osydPe8Ke5l/t247FlpU8ollv7bXbfls/gcAg04QlepI/qBZLbqwGMrI5K3NrgHdSGwb5BGogkXbfDhMDhRQ=="
    }
  }
}
